
Microsoft Visual Studio Solution File, Format Version 12.00
# Visual Studio Version 16
VisualStudioVersion = 16.0.29709.97
MinimumVisualStudioVersion = 10.0.40219.1
Project("{FAE04EC0-301F-11D3-BF4B-00C04F79EFBC}") = "Olap.WebApi", "Olap.WebApi\Olap.WebApi.csproj", "{6BE34007-D4CB-4485-A3AE-8B387417E074}"
EndProject
Global
	GlobalSection(SolutionConfigurationPlatforms) = preSolution
		Debug|Any CPU = Debug|Any CPU
		Release|Any CPU = Release|Any CPU
	EndGlobalSection
	GlobalSection(ProjectConfigurationPlatforms) = postSolution
		{6BE34007-D4CB-4485-A3AE-8B387417E074}.Debug|Any CPU.ActiveCfg = Debug|Any CPU
		{6BE34007-D4CB-4485-A3AE-8B387417E074}.Debug|Any CPU.Build.0 = Debug|Any CPU
		{6BE34007-D4CB-4485-A3AE-8B387417E074}.Release|Any CPU.ActiveCfg = Release|Any CPU
		{6BE34007-D4CB-4485-A3AE-8B387417E074}.Release|Any CPU.Build.0 = Release|Any CPU
	EndGlobalSection
	GlobalSection(SolutionProperties) = preSolution
		HideSolutionNode = FALSE
	EndGlobalSection
	GlobalSection(ExtensibilityGlobals) = postSolution
		SolutionGuid = {FD83CEED-B094-4A4E-8DF6-1336004B9BE0}
	EndGlobalSection
EndGlobal
